
Microsoft Visual Studio Solution File, Format Version 12.00
# Visual Studio 15
VisualStudioVersion = 15.0.27703.2035
MinimumVisualStudioVersion = 10.0.40219.1
Project("{FAE04EC0-301F-11D3-BF4B-00C04F79EFBC}") = "Chapter4Part2", "Chapter4Part2\Chapter4Part2.csproj", "{4AC4F466-A403-44B5-A126-E17F9AFC4FB2}"
EndProject
Global
	GlobalSection(SolutionConfigurationPlatforms) = preSolution
		Debug|Any CPU = Debug|Any CPU
		Release|Any CPU = Release|Any CPU
	EndGlobalSection
	GlobalSection(ProjectConfigurationPlatforms) = postSolution
		{4AC4F466-A403-44B5-A126-E17F9AFC4FB2}.Debug|Any CPU.ActiveCfg = Debug|Any CPU
		{4AC4F466-A403-44B5-A126-E17F9AFC4FB2}.Debug|Any CPU.Build.0 = Debug|Any CPU
		{4AC4F466-A403-44B5-A126-E17F9AFC4FB2}.Release|Any CPU.ActiveCfg = Release|Any CPU
		{4AC4F466-A403-44B5-A126-E17F9AFC4FB2}.Release|Any CPU.Build.0 = Release|Any CPU
	EndGlobalSection
	GlobalSection(SolutionProperties) = preSolution
		HideSolutionNode = FALSE
	EndGlobalSection
	GlobalSection(ExtensibilityGlobals) = postSolution
		SolutionGuid = {AA05782B-81CE-45CB-AE23-E223E24B5C15}
	EndGlobalSection
EndGlobal
