
Microsoft Visual Studio Solution File, Format Version 12.00
# Visual Studio 15
VisualStudioVersion = 15.0.27703.2035
MinimumVisualStudioVersion = 10.0.40219.1
Project("{FAE04EC0-301F-11D3-BF4B-00C04F79EFBC}") = "Chapter4", "Chapter4\Chapter4.csproj", "{1F344511-357C-44DD-80B5-DFB7411C04E8}"
EndProject
Global
	GlobalSection(SolutionConfigurationPlatforms) = preSolution
		Debug|Any CPU = Debug|Any CPU
		Release|Any CPU = Release|Any CPU
	EndGlobalSection
	GlobalSection(ProjectConfigurationPlatforms) = postSolution
		{1F344511-357C-44DD-80B5-DFB7411C04E8}.Debug|Any CPU.ActiveCfg = Debug|Any CPU
		{1F344511-357C-44DD-80B5-DFB7411C04E8}.Debug|Any CPU.Build.0 = Debug|Any CPU
		{1F344511-357C-44DD-80B5-DFB7411C04E8}.Release|Any CPU.ActiveCfg = Release|Any CPU
		{1F344511-357C-44DD-80B5-DFB7411C04E8}.Release|Any CPU.Build.0 = Release|Any CPU
	EndGlobalSection
	GlobalSection(SolutionProperties) = preSolution
		HideSolutionNode = FALSE
	EndGlobalSection
	GlobalSection(ExtensibilityGlobals) = postSolution
		SolutionGuid = {4C72CD6A-1433-442A-9029-473BEF505E8D}
	EndGlobalSection
EndGlobal
